hash: 40ec57fc4f7e9531335433ec52382dab0e228f3cac6e369f9aa5d22c87250009
updated: 2017-06-07T18:28:19.897954828-04:00
imports:
- name: github.com/onsi/ginkgo
  version: 77a8c1e5c40d6bb6c5eb4dd4bdce9763564f6298
- name: github.com/onsi/gomega
  version: 334b8f472b3af5d541c5642701c1e29e2126f486
testImports: []
